
Microsoft Visual Studio Solution File, Format Version 12.00
# Visual Studio Version 17
VisualStudioVersion = 17.3.32929.385
MinimumVisualStudioVersion = 10.0.40219.1
Project("{FAE04EC0-301F-11D3-BF4B-00C04F79EFBC}") = "MemoryGame", "B24 Ex02 Noy 212198766 Dana 314652439\MemoryGame.csproj", "{ADA621CB-EAE8-4C7E-89F0-62C9304877BB}"
EndProject
Global
	GlobalSection(SolutionConfigurationPlatforms) = preSolution
		Debug|Any CPU = Debug|Any CPU
		Release|Any CPU = Release|Any CPU
	EndGlobalSection
	GlobalSection(ProjectConfigurationPlatforms) = postSolution
		{ADA621CB-EAE8-4C7E-89F0-62C9304877BB}.Debug|Any CPU.ActiveCfg = Debug|Any CPU
		{ADA621CB-EAE8-4C7E-89F0-62C9304877BB}.Debug|Any CPU.Build.0 = Debug|Any CPU
		{ADA621CB-EAE8-4C7E-89F0-62C9304877BB}.Release|Any CPU.ActiveCfg = Release|Any CPU
		{ADA621CB-EAE8-4C7E-89F0-62C9304877BB}.Release|Any CPU.Build.0 = Release|Any CPU
	EndGlobalSection
	GlobalSection(SolutionProperties) = preSolution
		HideSolutionNode = FALSE
	EndGlobalSection
	GlobalSection(ExtensibilityGlobals) = postSolution
		SolutionGuid = {EFD46C51-8B38-478C-88A3-71CC4ACD1AE4}
	EndGlobalSection
EndGlobal
